
Microsoft Visual Studio Solution File, Format Version 12.00
# Visual Studio 15
VisualStudioVersion = 15.0.28010.2003
MinimumVisualStudioVersion = 10.0.40219.1
Project("{8BC9CEB8-8B4A-11D0-8D11-00A0C91BC942}") = "Polymorphism_and_Inheritance", "Polymorphism_and_Inheritance\Polymorphism_and_Inheritance.vcxproj", "{379D0DD5-47FD-4A1C-8F04-01CDE8FF9E98}"
EndProject
Global
	GlobalSection(SolutionConfigurationPlatforms) = preSolution
		Debug|x64 = Debug|x64
		Debug|x86 = Debug|x86
		Release|x64 = Release|x64
		Release|x86 = Release|x86
	EndGlobalSection
	GlobalSection(ProjectConfigurationPlatforms) = postSolution
		{379D0DD5-47FD-4A1C-8F04-01CDE8FF9E98}.Debug|x64.ActiveCfg = Debug|x64
		{379D0DD5-47FD-4A1C-8F04-01CDE8FF9E98}.Debug|x64.Build.0 = Debug|x64
		{379D0DD5-47FD-4A1C-8F04-01CDE8FF9E98}.Debug|x86.ActiveCfg = Debug|Win32
		{379D0DD5-47FD-4A1C-8F04-01CDE8FF9E98}.Debug|x86.Build.0 = Debug|Win32
		{379D0DD5-47FD-4A1C-8F04-01CDE8FF9E98}.Release|x64.ActiveCfg = Release|x64
		{379D0DD5-47FD-4A1C-8F04-01CDE8FF9E98}.Release|x64.Build.0 = Release|x64
		{379D0DD5-47FD-4A1C-8F04-01CDE8FF9E98}.Release|x86.ActiveCfg = Release|Win32
		{379D0DD5-47FD-4A1C-8F04-01CDE8FF9E98}.Release|x86.Build.0 = Release|Win32
	EndGlobalSection
	GlobalSection(SolutionProperties) = preSolution
		HideSolutionNode = FALSE
	EndGlobalSection
	GlobalSection(ExtensibilityGlobals) = postSolution
		SolutionGuid = {FF6B10E2-39E6-48CD-84A2-B2CA31C57968}
	EndGlobalSection
EndGlobal
